
Microsoft Visual Studio Solution File, Format Version 11.00
# Visual Studio 2010
Project("{E24C65DC-7377-472B-9ABA-BC803B73C61A}") = "hungryproject", ".", "{7F474496-9466-43C1-B4BD-CB2A3125EB4D}"
	ProjectSection(WebsiteProperties) = preProject
		TargetFrameworkMoniker = ".NETFramework,Version%3Dv4.0"
		Debug.AspNetCompiler.VirtualPath = "/hungryproject"
		Debug.AspNetCompiler.PhysicalPath = "..\..\..\..\Desktop\hungryproject\"
		Debug.AspNetCompiler.TargetPath = "PrecompiledWeb\hungryproject\"
		Debug.AspNetCompiler.Updateable = "true"
		Debug.AspNetCompiler.ForceOverwrite = "true"
		Debug.AspNetCompiler.FixedNames = "false"
		Debug.AspNetCompiler.Debug = "True"
		Release.AspNetCompiler.VirtualPath = "/hungryproject"
		Release.AspNetCompiler.PhysicalPath = "..\..\..\..\Desktop\hungryproject\"
		Release.AspNetCompiler.TargetPath = "PrecompiledWeb\hungryproject\"
		Release.AspNetCompiler.Updateable = "true"
		Release.AspNetCompiler.ForceOverwrite = "true"
		Release.AspNetCompiler.FixedNames = "false"
		Release.AspNetCompiler.Debug = "False"
		VWDPort = "1455"
	EndProjectSection
EndProject
Global
	GlobalSection(SolutionConfigurationPlatforms) = preSolution
		Debug|Any CPU = Debug|Any CPU
	EndGlobalSection
	GlobalSection(ProjectConfigurationPlatforms) = postSolution
		{7F474496-9466-43C1-B4BD-CB2A3125EB4D}.Debug|Any CPU.ActiveCfg = Debug|Any CPU
		{7F474496-9466-43C1-B4BD-CB2A3125EB4D}.Debug|Any CPU.Build.0 = Debug|Any CPU
	EndGlobalSection
	GlobalSection(SolutionProperties) = preSolution
		HideSolutionNode = FALSE
	EndGlobalSection
EndGlobal
